// !$*UTF8*$!
{
	archiveVersion = 1;
	classes = {
	};
	objectVersion = 56;
	objects = {

/* Begin PBXBuildFile section */
		9A9A92B1297C1D27007ED54D /* NostrIDApp.swift in Sources */ = {isa = PBXBuildFile; fileRef = 9A9A92B0297C1D27007ED54D /* NostrIDApp.swift */; };
		9A9A92B3297C1D27007ED54D /* NostrIDMainApp.swift in Sources */ = {isa = PBXBuildFile; fileRef = 9A9A92B2297C1D27007ED54D /* NostrIDMainApp.swift */; };
		9A9A92B5297C1D2A007ED54D /* Assets.xcassets in Resources */ = {isa = PBXBuildFile; fileRef = 9A9A92B4297C1D2A007ED54D /* Assets.xcassets */; };
		9A9A92B8297C1D2A007ED54D /* Preview Assets.xcassets in Resources */ = {isa = PBXBuildFile; fileRef = 9A9A92B7297C1D2A007ED54D /* Preview Assets.xcassets */; };
		9A9A92C0297C1FBD007ED54D /* HomeView.swift in Sources */ = {isa = PBXBuildFile; fileRef = 9A9A92BF297C1FBD007ED54D /* HomeView.swift */; };
		9A9A92C3297C1FEE007ED54D /* CheckmarkPopover.swift in Sources */ = {isa = PBXBuildFile; fileRef = 9A9A92C2297C1FEE007ED54D /* CheckmarkPopover.swift */; };
		9A9A92C5297C2001007ED54D /* UserDefaultKeys.swift in Sources */ = {isa = PBXBuildFile; fileRef = 9A9A92C4297C2001007ED54D /* UserDefaultKeys.swift */; };
		9A9A92CA297C202D007ED54D /* NostrEvent.swift in Sources */ = {isa = PBXBuildFile; fileRef = 9A9A92C9297C202D007ED54D /* NostrEvent.swift */; };
		9A9A92CC297C203B007ED54D /* NostrReq.swift in Sources */ = {isa = PBXBuildFile; fileRef = 9A9A92CB297C203B007ED54D /* NostrReq.swift */; };
		9A9A92CF297C205A007ED54D /* HapticsManager.swift in Sources */ = {isa = PBXBuildFile; fileRef = 9A9A92CE297C205A007ED54D /* HapticsManager.swift */; };
		9A9A92D1297C2069007ED54D /* OnboardingManager.swift in Sources */ = {isa = PBXBuildFile; fileRef = 9A9A92D0297C2069007ED54D /* OnboardingManager.swift */; };
		9A9A92D3297C2076007ED54D /* SessionManager.swift in Sources */ = {isa = PBXBuildFile; fileRef = 9A9A92D2297C2076007ED54D /* SessionManager.swift */; };
		9A9A92D5297C2082007ED54D /* NostrManager.swift in Sources */ = {isa = PBXBuildFile; fileRef = 9A9A92D4297C2082007ED54D /* NostrManager.swift */; };
		9A9A92D7297C2091007ED54D /* WebSocketManager.swift in Sources */ = {isa = PBXBuildFile; fileRef = 9A9A92D6297C2091007ED54D /* WebSocketManager.swift */; };
		9A9A92DA297C20B4007ED54D /* OnboardingInfoView.swift in Sources */ = {isa = PBXBuildFile; fileRef = 9A9A92D9297C20B4007ED54D /* OnboardingInfoView.swift */; };
		9A9A92DC297C20C7007ED54D /* OnboardingView.swift in Sources */ = {isa = PBXBuildFile; fileRef = 9A9A92DB297C20C7007ED54D /* OnboardingView.swift */; };
		9A9A92DF297C20DF007ED54D /* NostrProfile.swift in Sources */ = {isa = PBXBuildFile; fileRef = 9A9A92DE297C20DF007ED54D /* NostrProfile.swift */; };
		9A9A92E2297C20F6007ED54D /* LoginView.swift in Sources */ = {isa = PBXBuildFile; fileRef = 9A9A92E1297C20F6007ED54D /* LoginView.swift */; };
		9A9A92E4297C2106007ED54D /* ContactView.swift in Sources */ = {isa = PBXBuildFile; fileRef = 9A9A92E3297C2106007ED54D /* ContactView.swift */; };
		9A9A92E6297C2118007ED54D /* ProfileView.swift in Sources */ = {isa = PBXBuildFile; fileRef = 9A9A92E5297C2118007ED54D /* ProfileView.swift */; };
		9A9A92E8297C2129007ED54D /* SettingsView.swift in Sources */ = {isa = PBXBuildFile; fileRef = 9A9A92E7297C2129007ED54D /* SettingsView.swift */; };
		9A9A92EB297C2156007ED54D /* AppIconView.swift in Sources */ = {isa = PBXBuildFile; fileRef = 9A9A92EA297C2156007ED54D /* AppIconView.swift */; };
		9A9A92ED297C2164007ED54D /* KeysView.swift in Sources */ = {isa = PBXBuildFile; fileRef = 9A9A92EC297C2164007ED54D /* KeysView.swift */; };
		9A9A92EF297C216E007ED54D /* RelaysView.swift in Sources */ = {isa = PBXBuildFile; fileRef = 9A9A92EE297C216E007ED54D /* RelaysView.swift */; };
		9A9A92F1297C217A007ED54D /* AboutView.swift in Sources */ = {isa = PBXBuildFile; fileRef = 9A9A92F0297C217A007ED54D /* AboutView.swift */; };
		9A9A92F4297C2198007ED54D /* ChangelogView.swift in Sources */ = {isa = PBXBuildFile; fileRef = 9A9A92F3297C2198007ED54D /* ChangelogView.swift */; };
		9A9A92F8297C21C1007ED54D /* ThanksToView.swift in Sources */ = {isa = PBXBuildFile; fileRef = 9A9A92F7297C21C1007ED54D /* ThanksToView.swift */; };
		9A9A92FB297C21F4007ED54D /* Starscream in Frameworks */ = {isa = PBXBuildFile; productRef = 9A9A92FA297C21F4007ED54D /* Starscream */; };
		9A9A92FE297C2202007ED54D /* ConfettiSwiftUI in Frameworks */ = {isa = PBXBuildFile; productRef = 9A9A92FD297C2202007ED54D /* ConfettiSwiftUI */; };
		9A9A9300297DAC2C007ED54D /* RedactedLoading.swift in Sources */ = {isa = PBXBuildFile; fileRef = 9A9A92FF297DAC2C007ED54D /* RedactedLoading.swift */; };
		9A9A9302297DD116007ED54D /* LoadingTimeline.swift in Sources */ = {isa = PBXBuildFile; fileRef = 9A9A9301297DD116007ED54D /* LoadingTimeline.swift */; };
/* End PBXBuildFile section */

/* Begin PBXFileReference section */
		9A9A92AD297C1D27007ED54D /* NostrID.app */ = {isa = PBXFileReference; explicitFileType = wrapper.application; includeInIndex = 0; path = NostrID.app; sourceTree = BUILT_PRODUCTS_DIR; };
		9A9A92B0297C1D27007ED54D /* NostrIDApp.swift */ = {isa = PBXFileReference; lastKnownFileType = sourcecode.swift; path = NostrIDApp.swift; sourceTree = "<group>"; };
		9A9A92B2297C1D27007ED54D /* NostrIDMainApp.swift */ = {isa = PBXFileReference; lastKnownFileType = sourcecode.swift; path = NostrIDMainApp.swift; sourceTree = "<group>"; };
		9A9A92B4297C1D2A007ED54D /* Assets.xcassets */ = {isa = PBXFileReference; lastKnownFileType = folder.assetcatalog; path = Assets.xcassets; sourceTree = "<group>"; };
		9A9A92B7297C1D2A007ED54D /* Preview Assets.xcassets */ = {isa = PBXFileReference; lastKnownFileType = folder.assetcatalog; path = "Preview Assets.xcassets"; sourceTree = "<group>"; };
		9A9A92BE297C1EE7007ED54D /* Info.plist */ = {isa = PBXFileReference; lastKnownFileType = text.plist; path = Info.plist; sourceTree = "<group>"; };
		9A9A92BF297C1FBD007ED54D /* HomeView.swift */ = {isa = PBXFileReference; lastKnownFileType = sourcecode.swift; path = HomeView.swift; sourceTree = "<group>"; };
		9A9A92C2297C1FEE007ED54D /* CheckmarkPopover.swift */ = {isa = PBXFileReference; lastKnownFileType = sourcecode.swift; path = CheckmarkPopover.swift; sourceTree = "<group>"; };
		9A9A92C4297C2001007ED54D /* UserDefaultKeys.swift */ = {isa = PBXFileReference; lastKnownFileType = sourcecode.swift; path = UserDefaultKeys.swift; sourceTree = "<group>"; };
		9A9A92C9297C202D007ED54D /* NostrEvent.swift */ = {isa = PBXFileReference; lastKnownFileType = sourcecode.swift; path = NostrEvent.swift; sourceTree = "<group>"; };
		9A9A92CB297C203B007ED54D /* NostrReq.swift */ = {isa = PBXFileReference; lastKnownFileType = sourcecode.swift; path = NostrReq.swift; sourceTree = "<group>"; };
		9A9A92CE297C205A007ED54D /* HapticsManager.swift */ = {isa = PBXFileReference; lastKnownFileType = sourcecode.swift; path = HapticsManager.swift; sourceTree = "<group>"; };
		9A9A92D0297C2069007ED54D /* OnboardingManager.swift */ = {isa = PBXFileReference; lastKnownFileType = sourcecode.swift; path = OnboardingManager.swift; sourceTree = "<group>"; };
		9A9A92D2297C2076007ED54D /* SessionManager.swift */ = {isa = PBXFileReference; lastKnownFileType = sourcecode.swift; path = SessionManager.swift; sourceTree = "<group>"; };
		9A9A92D4297C2082007ED54D /* NostrManager.swift */ = {isa = PBXFileReference; lastKnownFileType = sourcecode.swift; path = NostrManager.swift; sourceTree = "<group>"; };
		9A9A92D6297C2091007ED54D /* WebSocketManager.swift */ = {isa = PBXFileReference; lastKnownFileType = sourcecode.swift; path = WebSocketManager.swift; sourceTree = "<group>"; };
		9A9A92D9297C20B4007ED54D /* OnboardingInfoView.swift */ = {isa = PBXFileReference; lastKnownFileType = sourcecode.swift; path = OnboardingInfoView.swift; sourceTree = "<group>"; };
		9A9A92DB297C20C7007ED54D /* OnboardingView.swift */ = {isa = PBXFileReference; lastKnownFileType = sourcecode.swift; path = OnboardingView.swift; sourceTree = "<group>"; };
		9A9A92DE297C20DF007ED54D /* NostrProfile.swift */ = {isa = PBXFileReference; lastKnownFileType = sourcecode.swift; path = NostrProfile.swift; sourceTree = "<group>"; };
		9A9A92E1297C20F6007ED54D /* LoginView.swift */ = {isa = PBXFileReference; lastKnownFileType = sourcecode.swift; path = LoginView.swift; sourceTree = "<group>"; };
		9A9A92E3297C2106007ED54D /* ContactView.swift */ = {isa = PBXFileReference; lastKnownFileType = sourcecode.swift; path = ContactView.swift; sourceTree = "<group>"; };
		9A9A92E5297C2118007ED54D /* ProfileView.swift */ = {isa = PBXFileReference; lastKnownFileType = sourcecode.swift; path = ProfileView.swift; sourceTree = "<group>"; };
		9A9A92E7297C2129007ED54D /* SettingsView.swift */ = {isa = PBXFileReference; lastKnownFileType = sourcecode.swift; path = SettingsView.swift; sourceTree = "<group>"; };
		9A9A92EA297C2156007ED54D /* AppIconView.swift */ = {isa = PBXFileReference; lastKnownFileType = sourcecode.swift; path = AppIconView.swift; sourceTree = "<group>"; };
		9A9A92EC297C2164007ED54D /* KeysView.swift */ = {isa = PBXFileReference; lastKnownFileType = sourcecode.swift; path = KeysView.swift; sourceTree = "<group>"; };
		9A9A92EE297C216E007ED54D /* RelaysView.swift */ = {isa = PBXFileReference; lastKnownFileType = sourcecode.swift; path = RelaysView.swift; sourceTree = "<group>"; };
		9A9A92F0297C217A007ED54D /* AboutView.swift */ = {isa = PBXFileReference; lastKnownFileType = sourcecode.swift; path = AboutView.swift; sourceTree = "<group>"; };
		9A9A92F3297C2198007ED54D /* ChangelogView.swift */ = {isa = PBXFileReference; lastKnownFileType = sourcecode.swift; path = ChangelogView.swift; sourceTree = "<group>"; };
		9A9A92F7297C21C1007ED54D /* ThanksToView.swift */ = {isa = PBXFileReference; lastKnownFileType = sourcecode.swift; path = ThanksToView.swift; sourceTree = "<group>"; };
		9A9A92FF297DAC2C007ED54D /* RedactedLoading.swift */ = {isa = PBXFileReference; lastKnownFileType = sourcecode.swift; path = RedactedLoading.swift; sourceTree = "<group>"; };
		9A9A9301297DD116007ED54D /* LoadingTimeline.swift */ = {isa = PBXFileReference; lastKnownFileType = sourcecode.swift; path = LoadingTimeline.swift; sourceTree = "<group>"; };
/* End PBXFileReference section */

/* Begin PBXFrameworksBuildPhase section */
		9A9A92AA297C1D27007ED54D /* Frameworks */ = {
			isa = PBXFrameworksBuildPhase;
			buildActionMask = 2147483647;
			files = (
				9A9A92FE297C2202007ED54D /* ConfettiSwiftUI in Frameworks */,
				9A9A92FB297C21F4007ED54D /* Starscream in Frameworks */,
			);
			runOnlyForDeploymentPostprocessing = 0;
		};
/* End PBXFrameworksBuildPhase section */

/* Begin PBXGroup section */
		9A9A92A4297C1D27007ED54D = {
			isa = PBXGroup;
			children = (
				9A9A92AF297C1D27007ED54D /* NostrID */,
				9A9A92AE297C1D27007ED54D /* Products */,
			);
			sourceTree = "<group>";
		};
		9A9A92AE297C1D27007ED54D /* Products */ = {
			isa = PBXGroup;
			children = (
				9A9A92AD297C1D27007ED54D /* NostrID.app */,
			);
			name = Products;
			sourceTree = "<group>";
		};
		9A9A92AF297C1D27007ED54D /* NostrID */ = {
			isa = PBXGroup;
			children = (
				9A9A92BE297C1EE7007ED54D /* Info.plist */,
				9A9A92B0297C1D27007ED54D /* NostrIDApp.swift */,
				9A9A92B2297C1D27007ED54D /* NostrIDMainApp.swift */,
				9A9A92BF297C1FBD007ED54D /* HomeView.swift */,
				9A9A92C1297C1FD6007ED54D /* Utils */,
				9A9A92C8297C201D007ED54D /* Nostr */,
				9A9A92CD297C2043007ED54D /* Manager */,
				9A9A92D8297C209E007ED54D /* Onboarding */,
				9A9A92DD297C20D1007ED54D /* Models */,
				9A9A92E0297C20E8007ED54D /* Views */,
				9A9A92B4297C1D2A007ED54D /* Assets.xcassets */,
				9A9A92B6297C1D2A007ED54D /* Preview Content */,
			);
			path = NostrID;
			sourceTree = "<group>";
		};
		9A9A92B6297C1D2A007ED54D /* Preview Content */ = {
			isa = PBXGroup;
			children = (
				9A9A92B7297C1D2A007ED54D /* Preview Assets.xcassets */,
			);
			path = "Preview Content";
			sourceTree = "<group>";
		};
		9A9A92C1297C1FD6007ED54D /* Utils */ = {
			isa = PBXGroup;
			children = (
				9A9A92C2297C1FEE007ED54D /* CheckmarkPopover.swift */,
				9A9A9301297DD116007ED54D /* LoadingTimeline.swift */,
				9A9A92FF297DAC2C007ED54D /* RedactedLoading.swift */,
				9A9A92C4297C2001007ED54D /* UserDefaultKeys.swift */,
			);
			name = Utils;
			sourceTree = "<group>";
		};
		9A9A92C8297C201D007ED54D /* Nostr */ = {
			isa = PBXGroup;
			children = (
				9A9A92C9297C202D007ED54D /* NostrEvent.swift */,
				9A9A92CB297C203B007ED54D /* NostrReq.swift */,
			);
			name = Nostr;
			sourceTree = "<group>";
		};
		9A9A92CD297C2043007ED54D /* Manager */ = {
			isa = PBXGroup;
			children = (
				9A9A92CE297C205A007ED54D /* HapticsManager.swift */,
				9A9A92D0297C2069007ED54D /* OnboardingManager.swift */,
				9A9A92D2297C2076007ED54D /* SessionManager.swift */,
				9A9A92D4297C2082007ED54D /* NostrManager.swift */,
				9A9A92D6297C2091007ED54D /* WebSocketManager.swift */,
			);
			path = Manager;
			sourceTree = "<group>";
		};
		9A9A92D8297C209E007ED54D /* Onboarding */ = {
			isa = PBXGroup;
			children = (
				9A9A92D9297C20B4007ED54D /* OnboardingInfoView.swift */,
				9A9A92DB297C20C7007ED54D /* OnboardingView.swift */,
			);
			name = Onboarding;
			sourceTree = "<group>";
		};
		9A9A92DD297C20D1007ED54D /* Models */ = {
			isa = PBXGroup;
			children = (
				9A9A92DE297C20DF007ED54D /* NostrProfile.swift */,
			);
			path = Models;
			sourceTree = "<group>";
		};
		9A9A92E0297C20E8007ED54D /* Views */ = {
			isa = PBXGroup;
			children = (
				9A9A92E1297C20F6007ED54D /* LoginView.swift */,
				9A9A92E3297C2106007ED54D /* ContactView.swift */,
				9A9A92E5297C2118007ED54D /* ProfileView.swift */,
				9A9A92E7297C2129007ED54D /* SettingsView.swift */,
				9A9A92E9297C2144007ED54D /* Settings */,
			);
			name = Views;
			sourceTree = "<group>";
		};
		9A9A92E9297C2144007ED54D /* Settings */ = {
			isa = PBXGroup;
			children = (
				9A9A92EA297C2156007ED54D /* AppIconView.swift */,
				9A9A92EC297C2164007ED54D /* KeysView.swift */,
				9A9A92EE297C216E007ED54D /* RelaysView.swift */,
				9A9A92F0297C217A007ED54D /* AboutView.swift */,
				9A9A92F2297C2187007ED54D /* About */,
			);
			path = Settings;
			sourceTree = "<group>";
		};
		9A9A92F2297C2187007ED54D /* About */ = {
			isa = PBXGroup;
			children = (
				9A9A92F3297C2198007ED54D /* ChangelogView.swift */,
				9A9A92F7297C21C1007ED54D /* ThanksToView.swift */,
			);
			path = About;
			sourceTree = "<group>";
		};
/* End PBXGroup section */

/* Begin PBXNativeTarget section */
		9A9A92AC297C1D27007ED54D /* NostrID */ = {
			isa = PBXNativeTarget;
			buildConfigurationList = 9A9A92BB297C1D2A007ED54D /* Build configuration list for PBXNativeTarget "NostrID" */;
			buildPhases = (
				9A9A92A9297C1D27007ED54D /* Sources */,
				9A9A92AA297C1D27007ED54D /* Frameworks */,
				9A9A92AB297C1D27007ED54D /* Resources */,
			);
			buildRules = (
			);
			dependencies = (
			);
			name = NostrID;
			packageProductDependencies = (
				9A9A92FA297C21F4007ED54D /* Starscream */,
				9A9A92FD297C2202007ED54D /* ConfettiSwiftUI */,
			);
			productName = NostrID;
			productReference = 9A9A92AD297C1D27007ED54D /* NostrID.app */;
			productType = "com.apple.product-type.application";
		};
/* End PBXNativeTarget section */

/* Begin PBXProject section */
		9A9A92A5297C1D27007ED54D /* Project object */ = {
			isa = PBXProject;
			attributes = {
				BuildIndependentTargetsInParallel = 1;
				LastSwiftUpdateCheck = 1420;
				LastUpgradeCheck = 1420;
				TargetAttributes = {
					9A9A92AC297C1D27007ED54D = {
						CreatedOnToolsVersion = 14.2;
					};
				};
			};
			buildConfigurationList = 9A9A92A8297C1D27007ED54D /* Build configuration list for PBXProject "NostrID" */;
			compatibilityVersion = "Xcode 14.0";
			developmentRegion = en;
			hasScannedForEncodings = 0;
			knownRegions = (
				en,
				Base,
			);
			mainGroup = 9A9A92A4297C1D27007ED54D;
			packageReferences = (
				9A9A92F9297C21F4007ED54D /* XCRemoteSwiftPackageReference "Starscream" */,
				9A9A92FC297C2202007ED54D /* XCRemoteSwiftPackageReference "ConfettiSwiftUI" */,
			);
			productRefGroup = 9A9A92AE297C1D27007ED54D /* Products */;
			projectDirPath = "";
			projectRoot = "";
			targets = (
				9A9A92AC297C1D27007ED54D /* NostrID */,
			);
		};
/* End PBXProject section */

/* Begin PBXResourcesBuildPhase section */
		9A9A92AB297C1D27007ED54D /* Resources */ = {
			isa = PBXResourcesBuildPhase;
			buildActionMask = 2147483647;
			files = (
				9A9A92B8297C1D2A007ED54D /* Preview Assets.xcassets in Resources */,
				9A9A92B5297C1D2A007ED54D /* Assets.xcassets in Resources */,
			);
			runOnlyForDeploymentPostprocessing = 0;
		};
/* End PBXResourcesBuildPhase section */

/* Begin PBXSourcesBuildPhase section */
		9A9A92A9297C1D27007ED54D /* Sources */ = {
			isa = PBXSourcesBuildPhase;
			buildActionMask = 2147483647;
			files = (
				9A9A92ED297C2164007ED54D /* KeysView.swift in Sources */,
				9A9A92CF297C205A007ED54D /* HapticsManager.swift in Sources */,
				9A9A92CA297C202D007ED54D /* NostrEvent.swift in Sources */,
				9A9A92D1297C2069007ED54D /* OnboardingManager.swift in Sources */,
				9A9A92DC297C20C7007ED54D /* OnboardingView.swift in Sources */,
				9A9A92DF297C20DF007ED54D /* NostrProfile.swift in Sources */,
				9A9A92E8297C2129007ED54D /* SettingsView.swift in Sources */,
				9A9A92C5297C2001007ED54D /* UserDefaultKeys.swift in Sources */,
				9A9A92C0297C1FBD007ED54D /* HomeView.swift in Sources */,
				9A9A92F8297C21C1007ED54D /* ThanksToView.swift in Sources */,
				9A9A92D5297C2082007ED54D /* NostrManager.swift in Sources */,
				9A9A92DA297C20B4007ED54D /* OnboardingInfoView.swift in Sources */,
				9A9A92EB297C2156007ED54D /* AppIconView.swift in Sources */,
				9A9A92E2297C20F6007ED54D /* LoginView.swift in Sources */,
				9A9A92C3297C1FEE007ED54D /* CheckmarkPopover.swift in Sources */,
				9A9A92B3297C1D27007ED54D /* NostrIDMainApp.swift in Sources */,
				9A9A92F1297C217A007ED54D /* AboutView.swift in Sources */,
				9A9A92E4297C2106007ED54D /* ContactView.swift in Sources */,
				9A9A92F4297C2198007ED54D /* ChangelogView.swift in Sources */,
				9A9A92EF297C216E007ED54D /* RelaysView.swift in Sources */,
				9A9A92D7297C2091007ED54D /* WebSocketManager.swift in Sources */,
				9A9A92B1297C1D27007ED54D /* NostrIDApp.swift in Sources */,
				9A9A92E6297C2118007ED54D /* ProfileView.swift in Sources */,
				9A9A92CC297C203B007ED54D /* NostrReq.swift in Sources */,
				9A9A9300297DAC2C007ED54D /* RedactedLoading.swift in Sources */,
				9A9A92D3297C2076007ED54D /* SessionManager.swift in Sources */,
				9A9A9302297DD116007ED54D /* LoadingTimeline.swift in Sources */,
			);
			runOnlyForDeploymentPostprocessing = 0;
		};
/* End PBXSourcesBuildPhase section */

/* Begin XCBuildConfiguration section */
		9A9A92B9297C1D2A007ED54D /* Debug */ = {
			isa = XCBuildConfiguration;
			buildSettings = {
				ALWAYS_SEARCH_USER_PATHS = NO;
				CLANG_ANALYZER_NONNULL = YES;
				CLANG_ANALYZER_NUMBER_OBJECT_CONVERSION = YES_AGGRESSIVE;
				CLANG_CXX_LANGUAGE_STANDARD = "gnu++20";
				CLANG_ENABLE_MODULES = YES;
				CLANG_ENABLE_OBJC_ARC = YES;
				CLANG_ENABLE_OBJC_WEAK = YES;
				CLANG_WARN_BLOCK_CAPTURE_AUTORELEASING = YES;
				CLANG_WARN_BOOL_CONVERSION = YES;
				CLANG_WARN_COMMA = YES;
				CLANG_WARN_CONSTANT_CONVERSION = YES;
				CLANG_WARN_DEPRECATED_OBJC_IMPLEMENTATIONS = YES;
				CLANG_WARN_DIRECT_OBJC_ISA_USAGE = YES_ERROR;
				CLANG_WARN_DOCUMENTATION_COMMENTS = YES;
				CLANG_WARN_EMPTY_BODY = YES;
				CLANG_WARN_ENUM_CONVERSION = YES;
				CLANG_WARN_INFINITE_RECURSION = YES;
				CLANG_WARN_INT_CONVERSION = YES;
				CLANG_WARN_NON_LITERAL_NULL_CONVERSION = YES;
				CLANG_WARN_OBJC_IMPLICIT_RETAIN_SELF = YES;
				CLANG_WARN_OBJC_LITERAL_CONVERSION = YES;
				CLANG_WARN_OBJC_ROOT_CLASS = YES_ERROR;
				CLANG_WARN_QUOTED_INCLUDE_IN_FRAMEWORK_HEADER = YES;
				CLANG_WARN_RANGE_LOOP_ANALYSIS = YES;
				CLANG_WARN_STRICT_PROTOTYPES = YES;
				CLANG_WARN_SUSPICIOUS_MOVE = YES;
				CLANG_WARN_UNGUARDED_AVAILABILITY = YES_AGGRESSIVE;
				CLANG_WARN_UNREACHABLE_CODE = YES;
				CLANG_WARN__DUPLICATE_METHOD_MATCH = YES;
				COPY_PHASE_STRIP = NO;
				DEBUG_INFORMATION_FORMAT = dwarf;
				ENABLE_STRICT_OBJC_MSGSEND = YES;
				ENABLE_TESTABILITY = YES;
				GCC_C_LANGUAGE_STANDARD = gnu11;
				GCC_DYNAMIC_NO_PIC = NO;
				GCC_NO_COMMON_BLOCKS = YES;
				GCC_OPTIMIZATION_LEVEL = 0;
				GCC_PREPROCESSOR_DEFINITIONS = (
					"DEBUG=1",
					"$(inherited)",
				);
				GCC_WARN_64_TO_32_BIT_CONVERSION = YES;
				GCC_WARN_ABOUT_RETURN_TYPE = YES_ERROR;
				GCC_WARN_UNDECLARED_SELECTOR = YES;
				GCC_WARN_UNINITIALIZED_AUTOS = YES_AGGRESSIVE;
				GCC_WARN_UNUSED_FUNCTION = YES;
				GCC_WARN_UNUSED_VARIABLE = YES;
				IPHONEOS_DEPLOYMENT_TARGET = 16.2;
				MTL_ENABLE_DEBUG_INFO = INCLUDE_SOURCE;
				MTL_FAST_MATH = YES;
				ONLY_ACTIVE_ARCH = YES;
				SDKROOT = iphoneos;
				SWIFT_ACTIVE_COMPILATION_CONDITIONS = DEBUG;
				SWIFT_OPTIMIZATION_LEVEL = "-Onone";
			};
			name = Debug;
		};
		9A9A92BA297C1D2A007ED54D /* Release */ = {
			isa = XCBuildConfiguration;
			buildSettings = {
				ALWAYS_SEARCH_USER_PATHS = NO;
				CLANG_ANALYZER_NONNULL = YES;
				CLANG_ANALYZER_NUMBER_OBJECT_CONVERSION = YES_AGGRESSIVE;
				CLANG_CXX_LANGUAGE_STANDARD = "gnu++20";
				CLANG_ENABLE_MODULES = YES;
				CLANG_ENABLE_OBJC_ARC = YES;
				CLANG_ENABLE_OBJC_WEAK = YES;
				CLANG_WARN_BLOCK_CAPTURE_AUTORELEASING = YES;
				CLANG_WARN_BOOL_CONVERSION = YES;
				CLANG_WARN_COMMA = YES;
				CLANG_WARN_CONSTANT_CONVERSION = YES;
				CLANG_WARN_DEPRECATED_OBJC_IMPLEMENTATIONS = YES;
				CLANG_WARN_DIRECT_OBJC_ISA_USAGE = YES_ERROR;
				CLANG_WARN_DOCUMENTATION_COMMENTS = YES;
				CLANG_WARN_EMPTY_BODY = YES;
				CLANG_WARN_ENUM_CONVERSION = YES;
				CLANG_WARN_INFINITE_RECURSION = YES;
				CLANG_WARN_INT_CONVERSION = YES;
				CLANG_WARN_NON_LITERAL_NULL_CONVERSION = YES;
				CLANG_WARN_OBJC_IMPLICIT_RETAIN_SELF = YES;
				CLANG_WARN_OBJC_LITERAL_CONVERSION = YES;
				CLANG_WARN_OBJC_ROOT_CLASS = YES_ERROR;
				CLANG_WARN_QUOTED_INCLUDE_IN_FRAMEWORK_HEADER = YES;
				CLANG_WARN_RANGE_LOOP_ANALYSIS = YES;
				CLANG_WARN_STRICT_PROTOTYPES = YES;
				CLANG_WARN_SUSPICIOUS_MOVE = YES;
				CLANG_WARN_UNGUARDED_AVAILABILITY = YES_AGGRESSIVE;
				CLANG_WARN_UNREACHABLE_CODE = YES;
				CLANG_WARN__DUPLICATE_METHOD_MATCH = YES;
				COPY_PHASE_STRIP = NO;
				DEBUG_INFORMATION_FORMAT = "dwarf-with-dsym";
				ENABLE_NS_ASSERTIONS = NO;
				ENABLE_STRICT_OBJC_MSGSEND = YES;
				GCC_C_LANGUAGE_STANDARD = gnu11;
				GCC_NO_COMMON_BLOCKS = YES;
				GCC_WARN_64_TO_32_BIT_CONVERSION = YES;
				GCC_WARN_ABOUT_RETURN_TYPE = YES_ERROR;
				GCC_WARN_UNDECLARED_SELECTOR = YES;
				GCC_WARN_UNINITIALIZED_AUTOS = YES_AGGRESSIVE;
				GCC_WARN_UNUSED_FUNCTION = YES;
				GCC_WARN_UNUSED_VARIABLE = YES;
				IPHONEOS_DEPLOYMENT_TARGET = 16.2;
				MTL_ENABLE_DEBUG_INFO = NO;
				MTL_FAST_MATH = YES;
				SDKROOT = iphoneos;
				SWIFT_COMPILATION_MODE = wholemodule;
				SWIFT_OPTIMIZATION_LEVEL = "-O";
				VALIDATE_PRODUCT = YES;
			};
			name = Release;
		};
		9A9A92BC297C1D2A007ED54D /* Debug */ = {
			isa = XCBuildConfiguration;
			buildSettings = {
				ASSETCATALOG_COMPILER_ALTERNATE_APPICON_NAMES = AppIcon2;
				ASSETCATALOG_COMPILER_APPICON_NAME = AppIcon1;
				ASSETCATALOG_COMPILER_GLOBAL_ACCENT_COLOR_NAME = AccentColor;
				ASSETCATALOG_COMPILER_INCLUDE_ALL_APPICON_ASSETS = NO;
				CODE_SIGN_STYLE = Automatic;
				CURRENT_PROJECT_VERSION = 9;
				DEVELOPMENT_ASSET_PATHS = "\"NostrID/Preview Content\"";
				DEVELOPMENT_TEAM = A2NYRQCGYA;
				ENABLE_PREVIEWS = YES;
				GENERATE_INFOPLIST_FILE = YES;
				INFOPLIST_FILE = NostrID/Info.plist;
				INFOPLIST_KEY_CFBundleDisplayName = NostrID;
				INFOPLIST_KEY_LSApplicationCategoryType = "public.app-category.social-networking";
				INFOPLIST_KEY_UIApplicationSceneManifest_Generation = YES;
				INFOPLIST_KEY_UIApplicationSupportsIndirectInputEvents = YES;
				INFOPLIST_KEY_UILaunchScreen_Generation = YES;
				INFOPLIST_KEY_UISupportedInterfaceOrientations = UIInterfaceOrientationPortrait;
				INFOPLIST_KEY_UISupportedInterfaceOrientations_iPad = "UIInterfaceOrientationLandscapeLeft UIInterfaceOrientationLandscapeRight UIInterfaceOrientationPortrait UIInterfaceOrientationPortraitUpsideDown";
				LD_RUNPATH_SEARCH_PATHS = (
					"$(inherited)",
					"@executable_path/Frameworks",
				);
				MARKETING_VERSION = 1.0;
				PRODUCT_BUNDLE_IDENTIFIER = com.erdal.NostrID;
				PRODUCT_NAME = "$(TARGET_NAME)";
				SUPPORTED_PLATFORMS = "iphoneos iphonesimulator";
				SUPPORTS_MACCATALYST = NO;
				SUPPORTS_MAC_DESIGNED_FOR_IPHONE_IPAD = NO;
				SWIFT_EMIT_LOC_STRINGS = YES;
				SWIFT_VERSION = 5.0;
				TARGETED_DEVICE_FAMILY = 1;
			};
			name = Debug;
		};
		9A9A92BD297C1D2A007ED54D /* Release */ = {
			isa = XCBuildConfiguration;
			buildSettings = {
				ASSETCATALOG_COMPILER_ALTERNATE_APPICON_NAMES = AppIcon2;
				ASSETCATALOG_COMPILER_APPICON_NAME = AppIcon1;
				ASSETCATALOG_COMPILER_GLOBAL_ACCENT_COLOR_NAME = AccentColor;
				ASSETCATALOG_COMPILER_INCLUDE_ALL_APPICON_ASSETS = NO;
				CODE_SIGN_STYLE = Automatic;
				CURRENT_PROJECT_VERSION = 9;
				DEVELOPMENT_ASSET_PATHS = "\"NostrID/Preview Content\"";
				DEVELOPMENT_TEAM = A2NYRQCGYA;
				ENABLE_PREVIEWS = YES;
				GENERATE_INFOPLIST_FILE = YES;
				INFOPLIST_FILE = NostrID/Info.plist;
				INFOPLIST_KEY_CFBundleDisplayName = NostrID;
				INFOPLIST_KEY_LSApplicationCategoryType = "public.app-category.social-networking";
				INFOPLIST_KEY_UIApplicationSceneManifest_Generation = YES;
				INFOPLIST_KEY_UIApplicationSupportsIndirectInputEvents = YES;
				INFOPLIST_KEY_UILaunchScreen_Generation = YES;
				INFOPLIST_KEY_UISupportedInterfaceOrientations = UIInterfaceOrientationPortrait;
				INFOPLIST_KEY_UISupportedInterfaceOrientations_iPad = "UIInterfaceOrientationLandscapeLeft UIInterfaceOrientationLandscapeRight UIInterfaceOrientationPortrait UIInterfaceOrientationPortraitUpsideDown";
				LD_RUNPATH_SEARCH_PATHS = (
					"$(inherited)",
					"@executable_path/Frameworks",
				);
				MARKETING_VERSION = 1.0;
				PRODUCT_BUNDLE_IDENTIFIER = com.erdal.NostrID;
				PRODUCT_NAME = "$(TARGET_NAME)";
				SUPPORTED_PLATFORMS = "iphoneos iphonesimulator";
				SUPPORTS_MACCATALYST = NO;
				SUPPORTS_MAC_DESIGNED_FOR_IPHONE_IPAD = NO;
				SWIFT_EMIT_LOC_STRINGS = YES;
				SWIFT_VERSION = 5.0;
				TARGETED_DEVICE_FAMILY = 1;
			};
			name = Release;
		};
/* End XCBuildConfiguration section */

/* Begin XCConfigurationList section */
		9A9A92A8297C1D27007ED54D /* Build configuration list for PBXProject "NostrID" */ = {
			isa = XCConfigurationList;
			buildConfigurations = (
				9A9A92B9297C1D2A007ED54D /* Debug */,
				9A9A92BA297C1D2A007ED54D /* Release */,
			);
			defaultConfigurationIsVisible = 0;
			defaultConfigurationName = Release;
		};
		9A9A92BB297C1D2A007ED54D /* Build configuration list for PBXNativeTarget "NostrID" */ = {
			isa = XCConfigurationList;
			buildConfigurations = (
				9A9A92BC297C1D2A007ED54D /* Debug */,
				9A9A92BD297C1D2A007ED54D /* Release */,
			);
			defaultConfigurationIsVisible = 0;
			defaultConfigurationName = Release;
		};
/* End XCConfigurationList section */

/* Begin XCRemoteSwiftPackageReference section */
		9A9A92F9297C21F4007ED54D /* XCRemoteSwiftPackageReference "Starscream" */ = {
			isa = XCRemoteSwiftPackageReference;
			repositoryURL = "https://github.com/daltoniam/Starscream";
			requirement = {
				branch = master;
				kind = branch;
			};
		};
		9A9A92FC297C2202007ED54D /* XCRemoteSwiftPackageReference "ConfettiSwiftUI" */ = {
			isa = XCRemoteSwiftPackageReference;
			repositoryURL = "https://github.com/simibac/ConfettiSwiftUI";
			requirement = {
				branch = master;
				kind = branch;
			};
		};
/* End XCRemoteSwiftPackageReference section */

/* Begin XCSwiftPackageProductDependency section */
		9A9A92FA297C21F4007ED54D /* Starscream */ = {
			isa = XCSwiftPackageProductDependency;
			package = 9A9A92F9297C21F4007ED54D /* XCRemoteSwiftPackageReference "Starscream" */;
			productName = Starscream;
		};
		9A9A92FD297C2202007ED54D /* ConfettiSwiftUI */ = {
			isa = XCSwiftPackageProductDependency;
			package = 9A9A92FC297C2202007ED54D /* XCRemoteSwiftPackageReference "ConfettiSwiftUI" */;
			productName = ConfettiSwiftUI;
		};
/* End XCSwiftPackageProductDependency section */
	};
	rootObject = 9A9A92A5297C1D27007ED54D /* Project object */;
}
