{
  "pins" : [
    {
      "identity" : "confettiswiftui",
      "kind" : "remoteSourceControl",
      "location" : "https://github.com/simibac/ConfettiSwiftUI",
      "state" : {
        "branch" : "master",
        "revision" : "2a5797c5ada9aaca77338e7df1b1913cea909994"
      }
    },
    {
      "identity" : "starscream",
      "kind" : "remoteSourceControl",
      "location" : "https://github.com/daltoniam/Starscream",
      "state" : {
        "branch" : "master",
        "revision" : "c68359159dcf0b5de9b536b9a959e9e435e968d3"
      }
    }
  ],
  "version" : 2
}
